
Microsoft Visual Studio Solution File, Format Version 12.00
# Visual Studio Version 16
VisualStudioVersion = 16.0.29418.71
MinimumVisualStudioVersion = 10.0.40219.1
Project("{FAE04EC0-301F-11D3-BF4B-00C04F79EFBC}") = "SFCS0010_Enum", "SFCS0010_Enum\SFCS0010_Enum.csproj", "{6AE59647-8C00-4846-AA10-539D3548C434}"
EndProject
Project("{FAE04EC0-301F-11D3-BF4B-00C04F79EFBC}") = "SFCS0020_Enum", "SFCS0020_Enum\SFCS0020_Enum.csproj", "{D598323B-4F56-4C9F-873C-AFFF9BB6D0F1}"
EndProject
Project("{FAE04EC0-301F-11D3-BF4B-00C04F79EFBC}") = "SFCS0030_Struct", "SFCS0030_Struct\SFCS0030_Struct.csproj", "{658548B6-1830-4907-8BE3-49973BCF132D}"
EndProject
Project("{FAE04EC0-301F-11D3-BF4B-00C04F79EFBC}") = "SFCS0040_Struct", "SFCS0040_Struct\SFCS0040_Struct.csproj", "{D3143071-06B7-4D11-A1BA-481349C0CBFF}"
EndProject
Project("{FAE04EC0-301F-11D3-BF4B-00C04F79EFBC}") = "SFCS0050_Array", "SFCS0050_Array\SFCS0050_Array.csproj", "{FD7C90E6-0D3F-4097-9482-3C0FE439DA60}"
EndProject
Project("{FAE04EC0-301F-11D3-BF4B-00C04F79EFBC}") = "SFCS0060_Array", "SFCS0060_Array\SFCS0060_Array.csproj", "{E90C9117-84CB-44C1-9A19-08482FC0CB5C}"
EndProject
Project("{FAE04EC0-301F-11D3-BF4B-00C04F79EFBC}") = "SFCS0070_Loop", "SFCS0070_Loop\SFCS0070_Loop.csproj", "{ABB765C6-9867-473C-8BD2-5FEA2C5BF2EF}"
EndProject
Project("{FAE04EC0-301F-11D3-BF4B-00C04F79EFBC}") = "SFCS0080_Exception", "SFCS0080_Exception\SFCS0080_Exception.csproj", "{D2777BAE-7B75-4292-B6A8-F74FDC04E3B2}"
EndProject
Project("{FAE04EC0-301F-11D3-BF4B-00C04F79EFBC}") = "SFCS0090_TryCatch", "SFCS0090_TryCatch\SFCS0090_TryCatch.csproj", "{FDF911CD-0AAD-4775-B01C-278C8003245C}"
EndProject
Project("{FAE04EC0-301F-11D3-BF4B-00C04F79EFBC}") = "SFCS0100_Checked", "SFCS0100_Checked\SFCS0100_Checked.csproj", "{B4D7DA3B-E1AF-45B1-A3A5-9A26880A875D}"
EndProject
Project("{FAE04EC0-301F-11D3-BF4B-00C04F79EFBC}") = "SFCSharpConsole_Study", "SFCSharpConsole_Study\SFCSharpConsole_Study.csproj", "{ACB289F8-C617-4A3E-AACA-236BA42E801B}"
EndProject
Global
	GlobalSection(SolutionConfigurationPlatforms) = preSolution
		Debug|Any CPU = Debug|Any CPU
		Release|Any CPU = Release|Any CPU
	EndGlobalSection
	GlobalSection(ProjectConfigurationPlatforms) = postSolution
		{6AE59647-8C00-4846-AA10-539D3548C434}.Debug|Any CPU.ActiveCfg = Debug|Any CPU
		{6AE59647-8C00-4846-AA10-539D3548C434}.Debug|Any CPU.Build.0 = Debug|Any CPU
		{6AE59647-8C00-4846-AA10-539D3548C434}.Release|Any CPU.ActiveCfg = Release|Any CPU
		{6AE59647-8C00-4846-AA10-539D3548C434}.Release|Any CPU.Build.0 = Release|Any CPU
		{D598323B-4F56-4C9F-873C-AFFF9BB6D0F1}.Debug|Any CPU.ActiveCfg = Debug|Any CPU
		{D598323B-4F56-4C9F-873C-AFFF9BB6D0F1}.Debug|Any CPU.Build.0 = Debug|Any CPU
		{D598323B-4F56-4C9F-873C-AFFF9BB6D0F1}.Release|Any CPU.ActiveCfg = Release|Any CPU
		{D598323B-4F56-4C9F-873C-AFFF9BB6D0F1}.Release|Any CPU.Build.0 = Release|Any CPU
		{658548B6-1830-4907-8BE3-49973BCF132D}.Debug|Any CPU.ActiveCfg = Debug|Any CPU
		{658548B6-1830-4907-8BE3-49973BCF132D}.Debug|Any CPU.Build.0 = Debug|Any CPU
		{658548B6-1830-4907-8BE3-49973BCF132D}.Release|Any CPU.ActiveCfg = Release|Any CPU
		{658548B6-1830-4907-8BE3-49973BCF132D}.Release|Any CPU.Build.0 = Release|Any CPU
		{D3143071-06B7-4D11-A1BA-481349C0CBFF}.Debug|Any CPU.ActiveCfg = Debug|Any CPU
		{D3143071-06B7-4D11-A1BA-481349C0CBFF}.Debug|Any CPU.Build.0 = Debug|Any CPU
		{D3143071-06B7-4D11-A1BA-481349C0CBFF}.Release|Any CPU.ActiveCfg = Release|Any CPU
		{D3143071-06B7-4D11-A1BA-481349C0CBFF}.Release|Any CPU.Build.0 = Release|Any CPU
		{FD7C90E6-0D3F-4097-9482-3C0FE439DA60}.Debug|Any CPU.ActiveCfg = Debug|Any CPU
		{FD7C90E6-0D3F-4097-9482-3C0FE439DA60}.Debug|Any CPU.Build.0 = Debug|Any CPU
		{FD7C90E6-0D3F-4097-9482-3C0FE439DA60}.Release|Any CPU.ActiveCfg = Release|Any CPU
		{FD7C90E6-0D3F-4097-9482-3C0FE439DA60}.Release|Any CPU.Build.0 = Release|Any CPU
		{E90C9117-84CB-44C1-9A19-08482FC0CB5C}.Debug|Any CPU.ActiveCfg = Debug|Any CPU
		{E90C9117-84CB-44C1-9A19-08482FC0CB5C}.Debug|Any CPU.Build.0 = Debug|Any CPU
		{E90C9117-84CB-44C1-9A19-08482FC0CB5C}.Release|Any CPU.ActiveCfg = Release|Any CPU
		{E90C9117-84CB-44C1-9A19-08482FC0CB5C}.Release|Any CPU.Build.0 = Release|Any CPU
		{ABB765C6-9867-473C-8BD2-5FEA2C5BF2EF}.Debug|Any CPU.ActiveCfg = Debug|Any CPU
		{ABB765C6-9867-473C-8BD2-5FEA2C5BF2EF}.Debug|Any CPU.Build.0 = Debug|Any CPU
		{ABB765C6-9867-473C-8BD2-5FEA2C5BF2EF}.Release|Any CPU.ActiveCfg = Release|Any CPU
		{ABB765C6-9867-473C-8BD2-5FEA2C5BF2EF}.Release|Any CPU.Build.0 = Release|Any CPU
		{D2777BAE-7B75-4292-B6A8-F74FDC04E3B2}.Debug|Any CPU.ActiveCfg = Debug|Any CPU
		{D2777BAE-7B75-4292-B6A8-F74FDC04E3B2}.Debug|Any CPU.Build.0 = Debug|Any CPU
		{D2777BAE-7B75-4292-B6A8-F74FDC04E3B2}.Release|Any CPU.ActiveCfg = Release|Any CPU
		{D2777BAE-7B75-4292-B6A8-F74FDC04E3B2}.Release|Any CPU.Build.0 = Release|Any CPU
		{FDF911CD-0AAD-4775-B01C-278C8003245C}.Debug|Any CPU.ActiveCfg = Debug|Any CPU
		{FDF911CD-0AAD-4775-B01C-278C8003245C}.Debug|Any CPU.Build.0 = Debug|Any CPU
		{FDF911CD-0AAD-4775-B01C-278C8003245C}.Release|Any CPU.ActiveCfg = Release|Any CPU
		{FDF911CD-0AAD-4775-B01C-278C8003245C}.Release|Any CPU.Build.0 = Release|Any CPU
		{B4D7DA3B-E1AF-45B1-A3A5-9A26880A875D}.Debug|Any CPU.ActiveCfg = Debug|Any CPU
		{B4D7DA3B-E1AF-45B1-A3A5-9A26880A875D}.Debug|Any CPU.Build.0 = Debug|Any CPU
		{B4D7DA3B-E1AF-45B1-A3A5-9A26880A875D}.Release|Any CPU.ActiveCfg = Release|Any CPU
		{B4D7DA3B-E1AF-45B1-A3A5-9A26880A875D}.Release|Any CPU.Build.0 = Release|Any CPU
		{ACB289F8-C617-4A3E-AACA-236BA42E801B}.Debug|Any CPU.ActiveCfg = Debug|Any CPU
		{ACB289F8-C617-4A3E-AACA-236BA42E801B}.Debug|Any CPU.Build.0 = Debug|Any CPU
		{ACB289F8-C617-4A3E-AACA-236BA42E801B}.Release|Any CPU.ActiveCfg = Release|Any CPU
		{ACB289F8-C617-4A3E-AACA-236BA42E801B}.Release|Any CPU.Build.0 = Release|Any CPU
	EndGlobalSection
	GlobalSection(SolutionProperties) = preSolution
		HideSolutionNode = FALSE
	EndGlobalSection
	GlobalSection(ExtensibilityGlobals) = postSolution
		SolutionGuid = {A1B28172-1E55-439E-87B5-E70F18D89D09}
	EndGlobalSection
EndGlobal
